
Microsoft Visual Studio Solution File, Format Version 11.00
# Visual C++ Express 2010
Project("{8BC9CEB8-8B4A-11D0-8D11-00A0C91BC942}") = "hexcode", "hexcode\hexcode.vcxproj", "{4260CFA2-68C5-471F-BAE2-876A66436AE4}"
EndProject
Global
	GlobalSection(SolutionConfigurationPlatforms) = preSolution
		Debug|Win32 = Debug|Win32
		Release|Win32 = Release|Win32
	EndGlobalSection
	GlobalSection(ProjectConfigurationPlatforms) = postSolution
		{4260CFA2-68C5-471F-BAE2-876A66436AE4}.Debug|Win32.ActiveCfg = Debug|Win32
		{4260CFA2-68C5-471F-BAE2-876A66436AE4}.Debug|Win32.Build.0 = Debug|Win32
		{4260CFA2-68C5-471F-BAE2-876A66436AE4}.Release|Win32.ActiveCfg = Release|Win32
		{4260CFA2-68C5-471F-BAE2-876A66436AE4}.Release|Win32.Build.0 = Release|Win32
	EndGlobalSection
	GlobalSection(SolutionProperties) = preSolution
		HideSolutionNode = FALSE
	EndGlobalSection
EndGlobal
