
Microsoft Visual Studio Solution File, Format Version 11.00
# Visual C++ Express 2010
Project("{8BC9CEB8-8B4A-11D0-8D11-00A0C91BC942}") = "Challenge 3", "Challenge 3\Challenge 3.vcxproj", "{02F528E0-1995-4F47-967D-0BF56B91502B}"
EndProject
Global
	GlobalSection(SolutionConfigurationPlatforms) = preSolution
		Debug|Win32 = Debug|Win32
		Release|Win32 = Release|Win32
	EndGlobalSection
	GlobalSection(ProjectConfigurationPlatforms) = postSolution
		{02F528E0-1995-4F47-967D-0BF56B91502B}.Debug|Win32.ActiveCfg = Debug|Win32
		{02F528E0-1995-4F47-967D-0BF56B91502B}.Debug|Win32.Build.0 = Debug|Win32
		{02F528E0-1995-4F47-967D-0BF56B91502B}.Release|Win32.ActiveCfg = Release|Win32
		{02F528E0-1995-4F47-967D-0BF56B91502B}.Release|Win32.Build.0 = Release|Win32
	EndGlobalSection
	GlobalSection(SolutionProperties) = preSolution
		HideSolutionNode = FALSE
	EndGlobalSection
EndGlobal
