
Microsoft Visual Studio Solution File, Format Version 11.00
# Visual C++ Express 2010
Project("{8BC9CEB8-8B4A-11D0-8D11-00A0C91BC942}") = "loop 4", "loop 4\loop 4.vcxproj", "{935DB457-0EE2-4C60-96EE-B84BA6E01DFE}"
EndProject
Global
	GlobalSection(SolutionConfigurationPlatforms) = preSolution
		Debug|Win32 = Debug|Win32
		Release|Win32 = Release|Win32
	EndGlobalSection
	GlobalSection(ProjectConfigurationPlatforms) = postSolution
		{935DB457-0EE2-4C60-96EE-B84BA6E01DFE}.Debug|Win32.ActiveCfg = Debug|Win32
		{935DB457-0EE2-4C60-96EE-B84BA6E01DFE}.Debug|Win32.Build.0 = Debug|Win32
		{935DB457-0EE2-4C60-96EE-B84BA6E01DFE}.Release|Win32.ActiveCfg = Release|Win32
		{935DB457-0EE2-4C60-96EE-B84BA6E01DFE}.Release|Win32.Build.0 = Release|Win32
	EndGlobalSection
	GlobalSection(SolutionProperties) = preSolution
		HideSolutionNode = FALSE
	EndGlobalSection
EndGlobal
