
Microsoft Visual Studio Solution File, Format Version 11.00
# Visual C++ Express 2010
Project("{8BC9CEB8-8B4A-11D0-8D11-00A0C91BC942}") = "project 1", "project 1\project 1.vcxproj", "{24D05EE8-D548-41FD-B88A-1575FE360990}"
EndProject
Global
	GlobalSection(SolutionConfigurationPlatforms) = preSolution
		Debug|Win32 = Debug|Win32
		Release|Win32 = Release|Win32
	EndGlobalSection
	GlobalSection(ProjectConfigurationPlatforms) = postSolution
		{24D05EE8-D548-41FD-B88A-1575FE360990}.Debug|Win32.ActiveCfg = Debug|Win32
		{24D05EE8-D548-41FD-B88A-1575FE360990}.Debug|Win32.Build.0 = Debug|Win32
		{24D05EE8-D548-41FD-B88A-1575FE360990}.Release|Win32.ActiveCfg = Release|Win32
		{24D05EE8-D548-41FD-B88A-1575FE360990}.Release|Win32.Build.0 = Release|Win32
	EndGlobalSection
	GlobalSection(SolutionProperties) = preSolution
		HideSolutionNode = FALSE
	EndGlobalSection
EndGlobal
