
Microsoft Visual Studio Solution File, Format Version 11.00
# Visual C++ Express 2010
Project("{8BC9CEB8-8B4A-11D0-8D11-00A0C91BC942}") = "loop 7", "loop 7\loop 7.vcxproj", "{3A56E0CD-DB04-4EA7-AC29-4E7E8570E1F1}"
EndProject
Global
	GlobalSection(SolutionConfigurationPlatforms) = preSolution
		Debug|Win32 = Debug|Win32
		Release|Win32 = Release|Win32
	EndGlobalSection
	GlobalSection(ProjectConfigurationPlatforms) = postSolution
		{3A56E0CD-DB04-4EA7-AC29-4E7E8570E1F1}.Debug|Win32.ActiveCfg = Debug|Win32
		{3A56E0CD-DB04-4EA7-AC29-4E7E8570E1F1}.Debug|Win32.Build.0 = Debug|Win32
		{3A56E0CD-DB04-4EA7-AC29-4E7E8570E1F1}.Release|Win32.ActiveCfg = Release|Win32
		{3A56E0CD-DB04-4EA7-AC29-4E7E8570E1F1}.Release|Win32.Build.0 = Release|Win32
	EndGlobalSection
	GlobalSection(SolutionProperties) = preSolution
		HideSolutionNode = FALSE
	EndGlobalSection
EndGlobal
