
Microsoft Visual Studio Solution File, Format Version 11.00
# Visual C++ Express 2010
Project("{8BC9CEB8-8B4A-11D0-8D11-00A0C91BC942}") = "character1", "character1\character1.vcxproj", "{4BE6D91E-95AB-47A2-A716-6DD9536C3931}"
EndProject
Global
	GlobalSection(SolutionConfigurationPlatforms) = preSolution
		Debug|Win32 = Debug|Win32
		Release|Win32 = Release|Win32
	EndGlobalSection
	GlobalSection(ProjectConfigurationPlatforms) = postSolution
		{4BE6D91E-95AB-47A2-A716-6DD9536C3931}.Debug|Win32.ActiveCfg = Debug|Win32
		{4BE6D91E-95AB-47A2-A716-6DD9536C3931}.Debug|Win32.Build.0 = Debug|Win32
		{4BE6D91E-95AB-47A2-A716-6DD9536C3931}.Release|Win32.ActiveCfg = Release|Win32
		{4BE6D91E-95AB-47A2-A716-6DD9536C3931}.Release|Win32.Build.0 = Release|Win32
	EndGlobalSection
	GlobalSection(SolutionProperties) = preSolution
		HideSolutionNode = FALSE
	EndGlobalSection
EndGlobal
